// !$*UTF8*$!
{
	archiveVersion = 1;
	classes = {
	};
	objectVersion = 56;
	objects = {

/* Begin PBXBuildFile section */
		CECD374429F0685B007ECBF5 /* SourceLinkView.swift in Sources */ = {isa = PBXBuildFile; fileRef = CECD374329F0685B007ECBF5 /* SourceLinkView.swift */; };
		CEEA4D7029EDF9ED005F79B6 /* FructusApp.swift in Sources */ = {isa = PBXBuildFile; fileRef = CEEA4D6F29EDF9ED005F79B6 /* FructusApp.swift */; };
		CEEA4D7229EDF9ED005F79B6 /* ContentView.swift in Sources */ = {isa = PBXBuildFile; fileRef = CEEA4D7129EDF9ED005F79B6 /* ContentView.swift */; };
		CEEA4D7429EDF9EF005F79B6 /* Assets.xcassets in Resources */ = {isa = PBXBuildFile; fileRef = CEEA4D7329EDF9EF005F79B6 /* Assets.xcassets */; };
		CEEA4D7729EDF9EF005F79B6 /* Preview Assets.xcassets in Resources */ = {isa = PBXBuildFile; fileRef = CEEA4D7629EDF9EF005F79B6 /* Preview Assets.xcassets */; };
		CEEA4D8129EE7BF1005F79B6 /* FruitCardView.swift in Sources */ = {isa = PBXBuildFile; fileRef = CEEA4D8029EE7BF1005F79B6 /* FruitCardView.swift */; };
		CEEA4D8329EF2C60005F79B6 /* StartButtonView.swift in Sources */ = {isa = PBXBuildFile; fileRef = CEEA4D8229EF2C5F005F79B6 /* StartButtonView.swift */; };
		CEEA4D8529EF46B9005F79B6 /* OnboardingView.swift in Sources */ = {isa = PBXBuildFile; fileRef = CEEA4D8429EF46B9005F79B6 /* OnboardingView.swift */; };
		CEEA4D8929EFDC4D005F79B6 /* FruitModel.swift in Sources */ = {isa = PBXBuildFile; fileRef = CEEA4D8829EFDC4C005F79B6 /* FruitModel.swift */; };
		CEEA4D8C29EFE199005F79B6 /* FruiteData.swift in Sources */ = {isa = PBXBuildFile; fileRef = CEEA4D8B29EFE199005F79B6 /* FruiteData.swift */; };
		CEEA4D8E29F01644005F79B6 /* FruitRowView.swift in Sources */ = {isa = PBXBuildFile; fileRef = CEEA4D8D29F01644005F79B6 /* FruitRowView.swift */; };
		CEEA4D9229F01F9C005F79B6 /* FruitDetailView.swift in Sources */ = {isa = PBXBuildFile; fileRef = CEEA4D9129F01F9C005F79B6 /* FruitDetailView.swift */; };
		CEEA4D9429F029A9005F79B6 /* FruitHeaderView.swift in Sources */ = {isa = PBXBuildFile; fileRef = CEEA4D9329F029A9005F79B6 /* FruitHeaderView.swift */; };
/* End PBXBuildFile section */

/* Begin PBXFileReference section */
		CECD374329F0685B007ECBF5 /* SourceLinkView.swift */ = {isa = PBXFileReference; lastKnownFileType = sourcecode.swift; path = SourceLinkView.swift; sourceTree = "<group>"; };
		CEEA4D6C29EDF9ED005F79B6 /* Fructus.app */ = {isa = PBXFileReference; explicitFileType = wrapper.application; includeInIndex = 0; path = Fructus.app; sourceTree = BUILT_PRODUCTS_DIR; };
		CEEA4D6F29EDF9ED005F79B6 /* FructusApp.swift */ = {isa = PBXFileReference; lastKnownFileType = sourcecode.swift; path = FructusApp.swift; sourceTree = "<group>"; };
		CEEA4D7129EDF9ED005F79B6 /* ContentView.swift */ = {isa = PBXFileReference; lastKnownFileType = sourcecode.swift; path = ContentView.swift; sourceTree = "<group>"; };
		CEEA4D7329EDF9EF005F79B6 /* Assets.xcassets */ = {isa = PBXFileReference; lastKnownFileType = folder.assetcatalog; path = Assets.xcassets; sourceTree = "<group>"; };
		CEEA4D7629EDF9EF005F79B6 /* Preview Assets.xcassets */ = {isa = PBXFileReference; lastKnownFileType = folder.assetcatalog; path = "Preview Assets.xcassets"; sourceTree = "<group>"; };
		CEEA4D8029EE7BF1005F79B6 /* FruitCardView.swift */ = {isa = PBXFileReference; lastKnownFileType = sourcecode.swift; path = FruitCardView.swift; sourceTree = "<group>"; };
		CEEA4D8229EF2C5F005F79B6 /* StartButtonView.swift */ = {isa = PBXFileReference; lastKnownFileType = sourcecode.swift; path = StartButtonView.swift; sourceTree = "<group>"; };
		CEEA4D8429EF46B9005F79B6 /* OnboardingView.swift */ = {isa = PBXFileReference; lastKnownFileType = sourcecode.swift; path = OnboardingView.swift; sourceTree = "<group>"; };
		CEEA4D8829EFDC4C005F79B6 /* FruitModel.swift */ = {isa = PBXFileReference; lastKnownFileType = sourcecode.swift; path = FruitModel.swift; sourceTree = "<group>"; };
		CEEA4D8B29EFE199005F79B6 /* FruiteData.swift */ = {isa = PBXFileReference; lastKnownFileType = sourcecode.swift; path = FruiteData.swift; sourceTree = "<group>"; };
		CEEA4D8D29F01644005F79B6 /* FruitRowView.swift */ = {isa = PBXFileReference; lastKnownFileType = sourcecode.swift; path = FruitRowView.swift; sourceTree = "<group>"; };
		CEEA4D9129F01F9C005F79B6 /* FruitDetailView.swift */ = {isa = PBXFileReference; lastKnownFileType = sourcecode.swift; path = FruitDetailView.swift; sourceTree = "<group>"; };
		CEEA4D9329F029A9005F79B6 /* FruitHeaderView.swift */ = {isa = PBXFileReference; lastKnownFileType = sourcecode.swift; path = FruitHeaderView.swift; sourceTree = "<group>"; };
/* End PBXFileReference section */

/* Begin PBXFrameworksBuildPhase section */
		CEEA4D6929EDF9ED005F79B6 /* Frameworks */ = {
			isa = PBXFrameworksBuildPhase;
			buildActionMask = 2147483647;
			files = (
			);
			runOnlyForDeploymentPostprocessing = 0;
		};
/* End PBXFrameworksBuildPhase section */

/* Begin PBXGroup section */
		CEEA4D6329EDF9ED005F79B6 = {
			isa = PBXGroup;
			children = (
				CEEA4D6E29EDF9ED005F79B6 /* Fructus */,
				CEEA4D6D29EDF9ED005F79B6 /* Products */,
			);
			sourceTree = "<group>";
		};
		CEEA4D6D29EDF9ED005F79B6 /* Products */ = {
			isa = PBXGroup;
			children = (
				CEEA4D6C29EDF9ED005F79B6 /* Fructus.app */,
			);
			name = Products;
			sourceTree = "<group>";
		};
		CEEA4D6E29EDF9ED005F79B6 /* Fructus */ = {
			isa = PBXGroup;
			children = (
				CEEA4D8A29EFE0C7005F79B6 /* Data */,
				CEEA4D8729EFDC20005F79B6 /* Model */,
				CEEA4D7F29EE7BB5005F79B6 /* View */,
				CEEA4D7E29EE7B8B005F79B6 /* App */,
				CEEA4D7329EDF9EF005F79B6 /* Assets.xcassets */,
				CEEA4D7529EDF9EF005F79B6 /* Preview Content */,
			);
			path = Fructus;
			sourceTree = "<group>";
		};
		CEEA4D7529EDF9EF005F79B6 /* Preview Content */ = {
			isa = PBXGroup;
			children = (
				CEEA4D7629EDF9EF005F79B6 /* Preview Assets.xcassets */,
			);
			path = "Preview Content";
			sourceTree = "<group>";
		};
		CEEA4D7E29EE7B8B005F79B6 /* App */ = {
			isa = PBXGroup;
			children = (
				CEEA4D6F29EDF9ED005F79B6 /* FructusApp.swift */,
				CEEA4D7129EDF9ED005F79B6 /* ContentView.swift */,
				CEEA4D8429EF46B9005F79B6 /* OnboardingView.swift */,
				CEEA4D9129F01F9C005F79B6 /* FruitDetailView.swift */,
			);
			path = App;
			sourceTree = "<group>";
		};
		CEEA4D7F29EE7BB5005F79B6 /* View */ = {
			isa = PBXGroup;
			children = (
				CEEA4D8029EE7BF1005F79B6 /* FruitCardView.swift */,
				CEEA4D8229EF2C5F005F79B6 /* StartButtonView.swift */,
				CEEA4D8D29F01644005F79B6 /* FruitRowView.swift */,
				CEEA4D9329F029A9005F79B6 /* FruitHeaderView.swift */,
				CECD374329F0685B007ECBF5 /* SourceLinkView.swift */,
			);
			path = View;
			sourceTree = "<group>";
		};
		CEEA4D8729EFDC20005F79B6 /* Model */ = {
			isa = PBXGroup;
			children = (
				CEEA4D8829EFDC4C005F79B6 /* FruitModel.swift */,
			);
			path = Model;
			sourceTree = "<group>";
		};
		CEEA4D8A29EFE0C7005F79B6 /* Data */ = {
			isa = PBXGroup;
			children = (
				CEEA4D8B29EFE199005F79B6 /* FruiteData.swift */,
			);
			path = Data;
			sourceTree = "<group>";
		};
/* End PBXGroup section */

/* Begin PBXNativeTarget section */
		CEEA4D6B29EDF9ED005F79B6 /* Fructus */ = {
			isa = PBXNativeTarget;
			buildConfigurationList = CEEA4D7A29EDF9EF005F79B6 /* Build configuration list for PBXNativeTarget "Fructus" */;
			buildPhases = (
				CEEA4D6829EDF9ED005F79B6 /* Sources */,
				CEEA4D6929EDF9ED005F79B6 /* Frameworks */,
				CEEA4D6A29EDF9ED005F79B6 /* Resources */,
			);
			buildRules = (
			);
			dependencies = (
			);
			name = Fructus;
			productName = Fructus;
			productReference = CEEA4D6C29EDF9ED005F79B6 /* Fructus.app */;
			productType = "com.apple.product-type.application";
		};
/* End PBXNativeTarget section */

/* Begin PBXProject section */
		CEEA4D6429EDF9ED005F79B6 /* Project object */ = {
			isa = PBXProject;
			attributes = {
				BuildIndependentTargetsInParallel = 1;
				LastSwiftUpdateCheck = 1420;
				LastUpgradeCheck = 1420;
				TargetAttributes = {
					CEEA4D6B29EDF9ED005F79B6 = {
						CreatedOnToolsVersion = 14.2;
					};
				};
			};
			buildConfigurationList = CEEA4D6729EDF9ED005F79B6 /* Build configuration list for PBXProject "Fructus" */;
			compatibilityVersion = "Xcode 14.0";
			developmentRegion = en;
			hasScannedForEncodings = 0;
			knownRegions = (
				en,
				Base,
			);
			mainGroup = CEEA4D6329EDF9ED005F79B6;
			productRefGroup = CEEA4D6D29EDF9ED005F79B6 /* Products */;
			projectDirPath = "";
			projectRoot = "";
			targets = (
				CEEA4D6B29EDF9ED005F79B6 /* Fructus */,
			);
		};
/* End PBXProject section */

/* Begin PBXResourcesBuildPhase section */
		CEEA4D6A29EDF9ED005F79B6 /* Resources */ = {
			isa = PBXResourcesBuildPhase;
			buildActionMask = 2147483647;
			files = (
				CEEA4D7729EDF9EF005F79B6 /* Preview Assets.xcassets in Resources */,
				CEEA4D7429EDF9EF005F79B6 /* Assets.xcassets in Resources */,
			);
			runOnlyForDeploymentPostprocessing = 0;
		};
/* End PBXResourcesBuildPhase section */

/* Begin PBXSourcesBuildPhase section */
		CEEA4D6829EDF9ED005F79B6 /* Sources */ = {
			isa = PBXSourcesBuildPhase;
			buildActionMask = 2147483647;
			files = (
				CEEA4D8129EE7BF1005F79B6 /* FruitCardView.swift in Sources */,
				CECD374429F0685B007ECBF5 /* SourceLinkView.swift in Sources */,
				CEEA4D8329EF2C60005F79B6 /* StartButtonView.swift in Sources */,
				CEEA4D8E29F01644005F79B6 /* FruitRowView.swift in Sources */,
				CEEA4D7229EDF9ED005F79B6 /* ContentView.swift in Sources */,
				CEEA4D9229F01F9C005F79B6 /* FruitDetailView.swift in Sources */,
				CEEA4D8529EF46B9005F79B6 /* OnboardingView.swift in Sources */,
				CEEA4D9429F029A9005F79B6 /* FruitHeaderView.swift in Sources */,
				CEEA4D8929EFDC4D005F79B6 /* FruitModel.swift in Sources */,
				CEEA4D8C29EFE199005F79B6 /* FruiteData.swift in Sources */,
				CEEA4D7029EDF9ED005F79B6 /* FructusApp.swift in Sources */,
			);
			runOnlyForDeploymentPostprocessing = 0;
		};
/* End PBXSourcesBuildPhase section */

/* Begin XCBuildConfiguration section */
		CEEA4D7829EDF9EF005F79B6 /* Debug */ = {
			isa = XCBuildConfiguration;
			buildSettings = {
				ALWAYS_SEARCH_USER_PATHS = NO;
				CLANG_ANALYZER_NONNULL = YES;
				CLANG_ANALYZER_NUMBER_OBJECT_CONVERSION = YES_AGGRESSIVE;
				CLANG_CXX_LANGUAGE_STANDARD = "gnu++20";
				CLANG_ENABLE_MODULES = YES;
				CLANG_ENABLE_OBJC_ARC = YES;
				CLANG_ENABLE_OBJC_WEAK = YES;
				CLANG_WARN_BLOCK_CAPTURE_AUTORELEASING = YES;
				CLANG_WARN_BOOL_CONVERSION = YES;
				CLANG_WARN_COMMA = YES;
				CLANG_WARN_CONSTANT_CONVERSION = YES;
				CLANG_WARN_DEPRECATED_OBJC_IMPLEMENTATIONS = YES;
				CLANG_WARN_DIRECT_OBJC_ISA_USAGE = YES_ERROR;
				CLANG_WARN_DOCUMENTATION_COMMENTS = YES;
				CLANG_WARN_EMPTY_BODY = YES;
				CLANG_WARN_ENUM_CONVERSION = YES;
				CLANG_WARN_INFINITE_RECURSION = YES;
				CLANG_WARN_INT_CONVERSION = YES;
				CLANG_WARN_NON_LITERAL_NULL_CONVERSION = YES;
				CLANG_WARN_OBJC_IMPLICIT_RETAIN_SELF = YES;
				CLANG_WARN_OBJC_LITERAL_CONVERSION = YES;
				CLANG_WARN_OBJC_ROOT_CLASS = YES_ERROR;
				CLANG_WARN_QUOTED_INCLUDE_IN_FRAMEWORK_HEADER = YES;
				CLANG_WARN_RANGE_LOOP_ANALYSIS = YES;
				CLANG_WARN_STRICT_PROTOTYPES = YES;
				CLANG_WARN_SUSPICIOUS_MOVE = YES;
				CLANG_WARN_UNGUARDED_AVAILABILITY = YES_AGGRESSIVE;
				CLANG_WARN_UNREACHABLE_CODE = YES;
				CLANG_WARN__DUPLICATE_METHOD_MATCH = YES;
				COPY_PHASE_STRIP = NO;
				DEBUG_INFORMATION_FORMAT = dwarf;
				ENABLE_STRICT_OBJC_MSGSEND = YES;
				ENABLE_TESTABILITY = YES;
				GCC_C_LANGUAGE_STANDARD = gnu11;
				GCC_DYNAMIC_NO_PIC = NO;
				GCC_NO_COMMON_BLOCKS = YES;
				GCC_OPTIMIZATION_LEVEL = 0;
				GCC_PREPROCESSOR_DEFINITIONS = (
					"DEBUG=1",
					"$(inherited)",
				);
				GCC_WARN_64_TO_32_BIT_CONVERSION = YES;
				GCC_WARN_ABOUT_RETURN_TYPE = YES_ERROR;
				GCC_WARN_UNDECLARED_SELECTOR = YES;
				GCC_WARN_UNINITIALIZED_AUTOS = YES_AGGRESSIVE;
				GCC_WARN_UNUSED_FUNCTION = YES;
				GCC_WARN_UNUSED_VARIABLE = YES;
				IPHONEOS_DEPLOYMENT_TARGET = 16.2;
				MTL_ENABLE_DEBUG_INFO = INCLUDE_SOURCE;
				MTL_FAST_MATH = YES;
				ONLY_ACTIVE_ARCH = YES;
				SDKROOT = iphoneos;
				SWIFT_ACTIVE_COMPILATION_CONDITIONS = DEBUG;
				SWIFT_OPTIMIZATION_LEVEL = "-Onone";
			};
			name = Debug;
		};
		CEEA4D7929EDF9EF005F79B6 /* Release */ = {
			isa = XCBuildConfiguration;
			buildSettings = {
				ALWAYS_SEARCH_USER_PATHS = NO;
				CLANG_ANALYZER_NONNULL = YES;
				CLANG_ANALYZER_NUMBER_OBJECT_CONVERSION = YES_AGGRESSIVE;
				CLANG_CXX_LANGUAGE_STANDARD = "gnu++20";
				CLANG_ENABLE_MODULES = YES;
				CLANG_ENABLE_OBJC_ARC = YES;
				CLANG_ENABLE_OBJC_WEAK = YES;
				CLANG_WARN_BLOCK_CAPTURE_AUTORELEASING = YES;
				CLANG_WARN_BOOL_CONVERSION = YES;
				CLANG_WARN_COMMA = YES;
				CLANG_WARN_CONSTANT_CONVERSION = YES;
				CLANG_WARN_DEPRECATED_OBJC_IMPLEMENTATIONS = YES;
				CLANG_WARN_DIRECT_OBJC_ISA_USAGE = YES_ERROR;
				CLANG_WARN_DOCUMENTATION_COMMENTS = YES;
				CLANG_WARN_EMPTY_BODY = YES;
				CLANG_WARN_ENUM_CONVERSION = YES;
				CLANG_WARN_INFINITE_RECURSION = YES;
				CLANG_WARN_INT_CONVERSION = YES;
				CLANG_WARN_NON_LITERAL_NULL_CONVERSION = YES;
				CLANG_WARN_OBJC_IMPLICIT_RETAIN_SELF = YES;
				CLANG_WARN_OBJC_LITERAL_CONVERSION = YES;
				CLANG_WARN_OBJC_ROOT_CLASS = YES_ERROR;
				CLANG_WARN_QUOTED_INCLUDE_IN_FRAMEWORK_HEADER = YES;
				CLANG_WARN_RANGE_LOOP_ANALYSIS = YES;
				CLANG_WARN_STRICT_PROTOTYPES = YES;
				CLANG_WARN_SUSPICIOUS_MOVE = YES;
				CLANG_WARN_UNGUARDED_AVAILABILITY = YES_AGGRESSIVE;
				CLANG_WARN_UNREACHABLE_CODE = YES;
				CLANG_WARN__DUPLICATE_METHOD_MATCH = YES;
				COPY_PHASE_STRIP = NO;
				DEBUG_INFORMATION_FORMAT = "dwarf-with-dsym";
				ENABLE_NS_ASSERTIONS = NO;
				ENABLE_STRICT_OBJC_MSGSEND = YES;
				GCC_C_LANGUAGE_STANDARD = gnu11;
				GCC_NO_COMMON_BLOCKS = YES;
				GCC_WARN_64_TO_32_BIT_CONVERSION = YES;
				GCC_WARN_ABOUT_RETURN_TYPE = YES_ERROR;
				GCC_WARN_UNDECLARED_SELECTOR = YES;
				GCC_WARN_UNINITIALIZED_AUTOS = YES_AGGRESSIVE;
				GCC_WARN_UNUSED_FUNCTION = YES;
				GCC_WARN_UNUSED_VARIABLE = YES;
				IPHONEOS_DEPLOYMENT_TARGET = 16.2;
				MTL_ENABLE_DEBUG_INFO = NO;
				MTL_FAST_MATH = YES;
				SDKROOT = iphoneos;
				SWIFT_COMPILATION_MODE = wholemodule;
				SWIFT_OPTIMIZATION_LEVEL = "-O";
				VALIDATE_PRODUCT = YES;
			};
			name = Release;
		};
		CEEA4D7B29EDF9EF005F79B6 /* Debug */ = {
			isa = XCBuildConfiguration;
			buildSettings = {
				ASSETCATALOG_COMPILER_APPICON_NAME = AppIcon;
				ASSETCATALOG_COMPILER_GLOBAL_ACCENT_COLOR_NAME = AccentColor;
				CODE_SIGN_STYLE = Automatic;
				CURRENT_PROJECT_VERSION = 1;
				DEVELOPMENT_ASSET_PATHS = "\"Fructus/Preview Content\"";
				DEVELOPMENT_TEAM = 7KQCVQ2X3H;
				ENABLE_PREVIEWS = YES;
				GENERATE_INFOPLIST_FILE = YES;
				INFOPLIST_KEY_UIApplicationSceneManifest_Generation = YES;
				INFOPLIST_KEY_UIApplicationSupportsIndirectInputEvents = YES;
				INFOPLIST_KEY_UILaunchScreen_Generation = YES;
				INFOPLIST_KEY_UISupportedInterfaceOrientations = UIInterfaceOrientationPortrait;
				LD_RUNPATH_SEARCH_PATHS = (
					"$(inherited)",
					"@executable_path/Frameworks",
				);
				MARKETING_VERSION = 1.0;
				PRODUCT_BUNDLE_IDENTIFIER = com.rotimi.Fructus;
				PRODUCT_NAME = "$(TARGET_NAME)";
				SWIFT_EMIT_LOC_STRINGS = YES;
				SWIFT_VERSION = 5.0;
				TARGETED_DEVICE_FAMILY = "1,2";
			};
			name = Debug;
		};
		CEEA4D7C29EDF9EF005F79B6 /* Release */ = {
			isa = XCBuildConfiguration;
			buildSettings = {
				ASSETCATALOG_COMPILER_APPICON_NAME = AppIcon;
				ASSETCATALOG_COMPILER_GLOBAL_ACCENT_COLOR_NAME = AccentColor;
				CODE_SIGN_STYLE = Automatic;
				CURRENT_PROJECT_VERSION = 1;
				DEVELOPMENT_ASSET_PATHS = "\"Fructus/Preview Content\"";
				DEVELOPMENT_TEAM = 7KQCVQ2X3H;
				ENABLE_PREVIEWS = YES;
				GENERATE_INFOPLIST_FILE = YES;
				INFOPLIST_KEY_UIApplicationSceneManifest_Generation = YES;
				INFOPLIST_KEY_UIApplicationSupportsIndirectInputEvents = YES;
				INFOPLIST_KEY_UILaunchScreen_Generation = YES;
				INFOPLIST_KEY_UISupportedInterfaceOrientations = UIInterfaceOrientationPortrait;
				LD_RUNPATH_SEARCH_PATHS = (
					"$(inherited)",
					"@executable_path/Frameworks",
				);
				MARKETING_VERSION = 1.0;
				PRODUCT_BUNDLE_IDENTIFIER = com.rotimi.Fructus;
				PRODUCT_NAME = "$(TARGET_NAME)";
				SWIFT_EMIT_LOC_STRINGS = YES;
				SWIFT_VERSION = 5.0;
				TARGETED_DEVICE_FAMILY = "1,2";
			};
			name = Release;
		};
/* End XCBuildConfiguration section */

/* Begin XCConfigurationList section */
		CEEA4D6729EDF9ED005F79B6 /* Build configuration list for PBXProject "Fructus" */ = {
			isa = XCConfigurationList;
			buildConfigurations = (
				CEEA4D7829EDF9EF005F79B6 /* Debug */,
				CEEA4D7929EDF9EF005F79B6 /* Release */,
			);
			defaultConfigurationIsVisible = 0;
			defaultConfigurationName = Release;
		};
		CEEA4D7A29EDF9EF005F79B6 /* Build configuration list for PBXNativeTarget "Fructus" */ = {
			isa = XCConfigurationList;
			buildConfigurations = (
				CEEA4D7B29EDF9EF005F79B6 /* Debug */,
				CEEA4D7C29EDF9EF005F79B6 /* Release */,
			);
			defaultConfigurationIsVisible = 0;
			defaultConfigurationName = Release;
		};
/* End XCConfigurationList section */
	};
	rootObject = CEEA4D6429EDF9ED005F79B6 /* Project object */;
}
